// !$*UTF8*$!
{
	archiveVersion = 1;
	classes = {
	};
	objectVersion = 50;
	objects = {

/* Begin PBXBuildFile section */
		B11C5A71214AA9DB0070C8D0 /* test.instrpkg in Sources */ = {isa = PBXBuildFile; fileRef = B11C5A70214AA9DB0070C8D0 /* test.instrpkg */; };
/* End PBXBuildFile section */

/* Begin PBXFileReference section */
		B11C5A6D214AA9DB0070C8D0 /* test.instrdst */ = {isa = PBXFileReference; explicitFileType = com.apple.instruments.instrdst; includeInIndex = 0; path = test.instrdst; sourceTree = BUILT_PRODUCTS_DIR; };
		B11C5A70214AA9DB0070C8D0 /* test.instrpkg */ = {isa = PBXFileReference; lastKnownFileType = "com.apple.instruments.package-definition"; path = test.instrpkg; sourceTree = "<group>"; };
/* End PBXFileReference section */

/* Begin PBXGroup section */
		B11C5A66214AA9DB0070C8D0 = {
			isa = PBXGroup;
			children = (
				B11C5A6F214AA9DB0070C8D0 /* test */,
				B11C5A6E214AA9DB0070C8D0 /* Products */,
			);
			sourceTree = "<group>";
		};
		B11C5A6E214AA9DB0070C8D0 /* Products */ = {
			isa = PBXGroup;
			children = (
				B11C5A6D214AA9DB0070C8D0 /* test.instrdst */,
			);
			name = Products;
			sourceTree = "<group>";
		};
		B11C5A6F214AA9DB0070C8D0 /* test */ = {
			isa = PBXGroup;
			children = (
				B11C5A70214AA9DB0070C8D0 /* test.instrpkg */,
			);
			path = test;
			sourceTree = "<group>";
		};
/* End PBXGroup section */

/* Begin PBXNativeTarget section */
		B11C5A6C214AA9DB0070C8D0 /* test */ = {
			isa = PBXNativeTarget;
			buildConfigurationList = B11C5A72214AA9DB0070C8D0 /* Build configuration list for PBXNativeTarget "test" */;
			buildPhases = (
				B11C5A6B214AA9DB0070C8D0 /* Sources */,
			);
			buildRules = (
			);
			dependencies = (
			);
			name = test;
			productName = test;
			productReference = B11C5A6D214AA9DB0070C8D0 /* test.instrdst */;
			productType = "com.apple.product-type.instruments-package";
		};
/* End PBXNativeTarget section */

/* Begin PBXProject section */
		B11C5A67214AA9DB0070C8D0 /* Project object */ = {
			isa = PBXProject;
			attributes = {
				LastUpgradeCheck = 1000;
				ORGANIZATIONNAME = yushihang;
				TargetAttributes = {
					B11C5A6C214AA9DB0070C8D0 = {
						CreatedOnToolsVersion = 10.0;
					};
				};
			};
			buildConfigurationList = B11C5A6A214AA9DB0070C8D0 /* Build configuration list for PBXProject "test" */;
			compatibilityVersion = "Xcode 9.3";
			developmentRegion = en;
			hasScannedForEncodings = 0;
			knownRegions = (
				en,
			);
			mainGroup = B11C5A66214AA9DB0070C8D0;
			productRefGroup = B11C5A6E214AA9DB0070C8D0 /* Products */;
			projectDirPath = "";
			projectRoot = "";
			targets = (
				B11C5A6C214AA9DB0070C8D0 /* test */,
			);
		};
/* End PBXProject section */

/* Begin PBXSourcesBuildPhase section */
		B11C5A6B214AA9DB0070C8D0 /* Sources */ = {
			isa = PBXSourcesBuildPhase;
			buildActionMask = 2147483647;
			files = (
				B11C5A71214AA9DB0070C8D0 /* test.instrpkg in Sources */,
			);
			runOnlyForDeploymentPostprocessing = 0;
		};
/* End PBXSourcesBuildPhase section */

/* Begin XCBuildConfiguration section */
		B11C5A68214AA9DB0070C8D0 /* Debug */ = {
			isa = XCBuildConfiguration;
			buildSettings = {
				COPY_PHASE_STRIP = NO;
			};
			name = Debug;
		};
		B11C5A69214AA9DB0070C8D0 /* Release */ = {
			isa = XCBuildConfiguration;
			buildSettings = {
				COPY_PHASE_STRIP = YES;
			};
			name = Release;
		};
		B11C5A73214AA9DB0070C8D0 /* Debug */ = {
			isa = XCBuildConfiguration;
			buildSettings = {
				ALWAYS_SEARCH_USER_PATHS = NO;
				CODE_SIGN_STYLE = Automatic;
				INSTALL_PATH = "$(LOCAL_LIBRARY_DIR)/Instruments/Packages";
				PRODUCT_NAME = "$(TARGET_NAME)";
				VERSIONING_SYSTEM = "";
			};
			name = Debug;
		};
		B11C5A74214AA9DB0070C8D0 /* Release */ = {
			isa = XCBuildConfiguration;
			buildSettings = {
				ALWAYS_SEARCH_USER_PATHS = NO;
				CODE_SIGN_STYLE = Automatic;
				INSTALL_PATH = "$(LOCAL_LIBRARY_DIR)/Instruments/Packages";
				PRODUCT_NAME = "$(TARGET_NAME)";
				VERSIONING_SYSTEM = "";
			};
			name = Release;
		};
/* End XCBuildConfiguration section */

/* Begin XCConfigurationList section */
		B11C5A6A214AA9DB0070C8D0 /* Build configuration list for PBXProject "test" */ = {
			isa = XCConfigurationList;
			buildConfigurations = (
				B11C5A68214AA9DB0070C8D0 /* Debug */,
				B11C5A69214AA9DB0070C8D0 /* Release */,
			);
			defaultConfigurationIsVisible = 0;
			defaultConfigurationName = Release;
		};
		B11C5A72214AA9DB0070C8D0 /* Build configuration list for PBXNativeTarget "test" */ = {
			isa = XCConfigurationList;
			buildConfigurations = (
				B11C5A73214AA9DB0070C8D0 /* Debug */,
				B11C5A74214AA9DB0070C8D0 /* Release */,
			);
			defaultConfigurationIsVisible = 0;
			defaultConfigurationName = Release;
		};
/* End XCConfigurationList section */
	};
	rootObject = B11C5A67214AA9DB0070C8D0 /* Project object */;
}
